
Microsoft Visual Studio Solution File, Format Version 12.00
# Visual Studio Version 16
VisualStudioVersion = 16.0.30406.217
MinimumVisualStudioVersion = 10.0.40219.1
Project("{FAE04EC0-301F-11D3-BF4B-00C04F79EFBC}") = "PMS-RepositoryPattern", "PMS-RepositoryPattern\PMS-RepositoryPattern.csproj", "{02E38781-17F9-480D-B54A-5C513AA367B5}"
EndProject
Global
	GlobalSection(SolutionConfigurationPlatforms) = preSolution
		Debug|Any CPU = Debug|Any CPU
		Release|Any CPU = Release|Any CPU
	EndGlobalSection
	GlobalSection(ProjectConfigurationPlatforms) = postSolution
		{02E38781-17F9-480D-B54A-5C513AA367B5}.Debug|Any CPU.ActiveCfg = Debug|Any CPU
		{02E38781-17F9-480D-B54A-5C513AA367B5}.Debug|Any CPU.Build.0 = Debug|Any CPU
		{02E38781-17F9-480D-B54A-5C513AA367B5}.Release|Any CPU.ActiveCfg = Release|Any CPU
		{02E38781-17F9-480D-B54A-5C513AA367B5}.Release|Any CPU.Build.0 = Release|Any CPU
	EndGlobalSection
	GlobalSection(SolutionProperties) = preSolution
		HideSolutionNode = FALSE
	EndGlobalSection
	GlobalSection(ExtensibilityGlobals) = postSolution
		SolutionGuid = {0854D296-E16C-4EC4-B34E-A45817430D95}
	EndGlobalSection
EndGlobal
